
Microsoft Visual Studio Solution File, Format Version 12.00
# Visual Studio Version 17
VisualStudioVersion = 17.5.33516.290
MinimumVisualStudioVersion = 10.0.40219.1
Project("{FAE04EC0-301F-11D3-BF4B-00C04F79EFBC}") = "prctikod_2", "prctikod_2\prctikod_2.csproj", "{80D222A0-8D2E-4310-A7C4-AD6389A4FE93}"
EndProject
Global
	GlobalSection(SolutionConfigurationPlatforms) = preSolution
		Debug|Any CPU = Debug|Any CPU
		Release|Any CPU = Release|Any CPU
	EndGlobalSection
	GlobalSection(ProjectConfigurationPlatforms) = postSolution
		{80D222A0-8D2E-4310-A7C4-AD6389A4FE93}.Debug|Any CPU.ActiveCfg = Debug|Any CPU
		{80D222A0-8D2E-4310-A7C4-AD6389A4FE93}.Debug|Any CPU.Build.0 = Debug|Any CPU
		{80D222A0-8D2E-4310-A7C4-AD6389A4FE93}.Release|Any CPU.ActiveCfg = Release|Any CPU
		{80D222A0-8D2E-4310-A7C4-AD6389A4FE93}.Release|Any CPU.Build.0 = Release|Any CPU
	EndGlobalSection
	GlobalSection(SolutionProperties) = preSolution
		HideSolutionNode = FALSE
	EndGlobalSection
	GlobalSection(ExtensibilityGlobals) = postSolution
		SolutionGuid = {77CA5488-B98C-452D-A22D-C35541144B3A}
	EndGlobalSection
EndGlobal
